<?xml version="1.0" encoding="utf-8"?>
<Project ToolsVersion="4.0" xmlns="http://schemas.microsoft.com/developer/msbuild/2003">
  <ItemGroup>
    <Filter Include="Source Files">
      <UniqueIdentifier>{bbd3e137-0243-44fb-b927-9fef8e64e26e}</UniqueIdentifier>
    </Filter>
    <Filter Include="Source Files\Generated">
      <UniqueIdentifier>{c1b95621-1e59-4402-b76f-0bd6407fa2b0}</UniqueIdentifier>
    </Filter>
  </ItemGroup>
  <ItemGroup>
    <ClCompile Include="pch.cpp">
      <Filter>Source Files\Generated</Filter>
    </ClCompile>
    <ClCompile Include="MyProperties.cpp">
      <Filter>Source Files</Filter>
    </ClCompile>
    <ClCompile Include="MyInterfaces.cpp">
      <Filter>Source Files</Filter>
    </ClCompile>
    <ClCompile Include=".\MyValueType.cpp">
      <Filter>Source Files</Filter>
    </ClCompile>
    <ClCompile Include=".\MyPartialType_partial.cpp">
      <Filter>Source Files</Filter>
    </ClCompile>
    <ClCompile Include="MyPartialType_complete.cpp">
      <Filter>Source Files</Filter>
    </ClCompile>
    <ClCompile Include="MyDelegateAndEvent.cpp">
      <Filter>Source Files</Filter>
    </ClCompile>
    <ClCompile Include="MyGenerics.cpp" />
    <ClCompile Include=".\MyAccessibility.cpp">
      <Filter>Source Files</Filter>
    </ClCompile>
  </ItemGroup>
  <ItemGroup>
    <ClInclude Include="pch.h">
      <Filter>Source Files\Generated</Filter>
    </ClInclude>
    <ClInclude Include="targetver.h">
      <Filter>Source Files\Generated</Filter>
    </ClInclude>
    <ClInclude Include="MyProperties.h">
      <Filter>Source Files</Filter>
    </ClInclude>
    <ClInclude Include="MyInterfaces.h">
      <Filter>Source Files</Filter>
    </ClInclude>
    <ClInclude Include=".\MyValueType.h">
      <Filter>Source Files</Filter>
    </ClInclude>
    <ClInclude Include=".\MyPartialType_partial.h">
      <Filter>Source Files</Filter>
    </ClInclude>
    <ClInclude Include="MyPartialType_complete.h">
      <Filter>Source Files</Filter>
    </ClInclude>
    <ClInclude Include="MyDelegateAndEvent.h">
      <Filter>Source Files</Filter>
    </ClInclude>
    <ClInclude Include=".\MyGenerics.h">
      <Filter>Source Files</Filter>
    </ClInclude>
    <ClInclude Include=".\MyAccessibility.h">
      <Filter>Source Files</Filter>
    </ClInclude>
  </ItemGroup>
</Project>